
Microsoft Visual Studio Solution File, Format Version 12.00
# Visual Studio Version 17
VisualStudioVersion = 17.3.32825.248
MinimumVisualStudioVersion = 10.0.40219.1
Project("{FAE04EC0-301F-11D3-BF4B-00C04F79EFBC}") = "Readint 4.3", "Readint 4.3\Readint 4.3.csproj", "{82BC739C-B30B-4024-9D39-A40F4297EEC5}"
EndProject
Global
	GlobalSection(SolutionConfigurationPlatforms) = preSolution
		Debug|Any CPU = Debug|Any CPU
		Release|Any CPU = Release|Any CPU
	EndGlobalSection
	GlobalSection(ProjectConfigurationPlatforms) = postSolution
		{82BC739C-B30B-4024-9D39-A40F4297EEC5}.Debug|Any CPU.ActiveCfg = Debug|Any CPU
		{82BC739C-B30B-4024-9D39-A40F4297EEC5}.Debug|Any CPU.Build.0 = Debug|Any CPU
		{82BC739C-B30B-4024-9D39-A40F4297EEC5}.Release|Any CPU.ActiveCfg = Release|Any CPU
		{82BC739C-B30B-4024-9D39-A40F4297EEC5}.Release|Any CPU.Build.0 = Release|Any CPU
	EndGlobalSection
	GlobalSection(SolutionProperties) = preSolution
		HideSolutionNode = FALSE
	EndGlobalSection
	GlobalSection(ExtensibilityGlobals) = postSolution
		SolutionGuid = {E32FBEF2-04D9-47CF-AD68-491253751FF1}
	EndGlobalSection
EndGlobal
