
Microsoft Visual Studio Solution File, Format Version 12.00
# Visual Studio Version 17
VisualStudioVersion = 17.3.32825.248
MinimumVisualStudioVersion = 10.0.40219.1
Project("{FAE04EC0-301F-11D3-BF4B-00C04F79EFBC}") = "Tasks1", "Tasks1\Tasks1.csproj", "{40EE43A2-67E2-479D-929B-F663E133D939}"
EndProject
Global
	GlobalSection(SolutionConfigurationPlatforms) = preSolution
		Debug|Any CPU = Debug|Any CPU
		Release|Any CPU = Release|Any CPU
	EndGlobalSection
	GlobalSection(ProjectConfigurationPlatforms) = postSolution
		{40EE43A2-67E2-479D-929B-F663E133D939}.Debug|Any CPU.ActiveCfg = Debug|Any CPU
		{40EE43A2-67E2-479D-929B-F663E133D939}.Debug|Any CPU.Build.0 = Debug|Any CPU
		{40EE43A2-67E2-479D-929B-F663E133D939}.Release|Any CPU.ActiveCfg = Release|Any CPU
		{40EE43A2-67E2-479D-929B-F663E133D939}.Release|Any CPU.Build.0 = Release|Any CPU
	EndGlobalSection
	GlobalSection(SolutionProperties) = preSolution
		HideSolutionNode = FALSE
	EndGlobalSection
	GlobalSection(ExtensibilityGlobals) = postSolution
		SolutionGuid = {194A1393-41BD-4669-8ABC-74A36F377931}
	EndGlobalSection
EndGlobal
