
Microsoft Visual Studio Solution File, Format Version 12.00
# Visual Studio Version 17
VisualStudioVersion = 17.3.32825.248
MinimumVisualStudioVersion = 10.0.40219.1
Project("{FAE04EC0-301F-11D3-BF4B-00C04F79EFBC}") = "Shuffle 4.5", "Shuffle 4.5\Shuffle 4.5.csproj", "{D0751D6F-8600-4C8C-9543-1ACD1A57D8AB}"
EndProject
Global
	GlobalSection(SolutionConfigurationPlatforms) = preSolution
		Debug|Any CPU = Debug|Any CPU
		Release|Any CPU = Release|Any CPU
	EndGlobalSection
	GlobalSection(ProjectConfigurationPlatforms) = postSolution
		{D0751D6F-8600-4C8C-9543-1ACD1A57D8AB}.Debug|Any CPU.ActiveCfg = Debug|Any CPU
		{D0751D6F-8600-4C8C-9543-1ACD1A57D8AB}.Debug|Any CPU.Build.0 = Debug|Any CPU
		{D0751D6F-8600-4C8C-9543-1ACD1A57D8AB}.Release|Any CPU.ActiveCfg = Release|Any CPU
		{D0751D6F-8600-4C8C-9543-1ACD1A57D8AB}.Release|Any CPU.Build.0 = Release|Any CPU
	EndGlobalSection
	GlobalSection(SolutionProperties) = preSolution
		HideSolutionNode = FALSE
	EndGlobalSection
	GlobalSection(ExtensibilityGlobals) = postSolution
		SolutionGuid = {955D4FAB-A78B-490A-9754-AAEF0F619AC7}
	EndGlobalSection
EndGlobal
