
Microsoft Visual Studio Solution File, Format Version 12.00
# Visual Studio Version 17
VisualStudioVersion = 17.3.32825.248
MinimumVisualStudioVersion = 10.0.40219.1
Project("{FAE04EC0-301F-11D3-BF4B-00C04F79EFBC}") = "SuperMarket 6.9", "SuperMarket 6.9\SuperMarket 6.9.csproj", "{67EA7918-7CF8-4345-AF83-9580E2049AB5}"
EndProject
Global
	GlobalSection(SolutionConfigurationPlatforms) = preSolution
		Debug|Any CPU = Debug|Any CPU
		Release|Any CPU = Release|Any CPU
	EndGlobalSection
	GlobalSection(ProjectConfigurationPlatforms) = postSolution
		{67EA7918-7CF8-4345-AF83-9580E2049AB5}.Debug|Any CPU.ActiveCfg = Debug|Any CPU
		{67EA7918-7CF8-4345-AF83-9580E2049AB5}.Debug|Any CPU.Build.0 = Debug|Any CPU
		{67EA7918-7CF8-4345-AF83-9580E2049AB5}.Release|Any CPU.ActiveCfg = Release|Any CPU
		{67EA7918-7CF8-4345-AF83-9580E2049AB5}.Release|Any CPU.Build.0 = Release|Any CPU
	EndGlobalSection
	GlobalSection(SolutionProperties) = preSolution
		HideSolutionNode = FALSE
	EndGlobalSection
	GlobalSection(ExtensibilityGlobals) = postSolution
		SolutionGuid = {714E8A4C-A82A-438E-A08F-613B7E621C72}
	EndGlobalSection
EndGlobal
