
Microsoft Visual Studio Solution File, Format Version 12.00
# Visual Studio Version 17
VisualStudioVersion = 17.3.32825.248
MinimumVisualStudioVersion = 10.0.40219.1
Project("{FAE04EC0-301F-11D3-BF4B-00C04F79EFBC}") = "Shop 6.6", "Shop 6.6\Shop 6.6.csproj", "{8520713F-1084-4365-ADEF-A57A28CFE0C5}"
EndProject
Global
	GlobalSection(SolutionConfigurationPlatforms) = preSolution
		Debug|Any CPU = Debug|Any CPU
		Release|Any CPU = Release|Any CPU
	EndGlobalSection
	GlobalSection(ProjectConfigurationPlatforms) = postSolution
		{8520713F-1084-4365-ADEF-A57A28CFE0C5}.Debug|Any CPU.ActiveCfg = Debug|Any CPU
		{8520713F-1084-4365-ADEF-A57A28CFE0C5}.Debug|Any CPU.Build.0 = Debug|Any CPU
		{8520713F-1084-4365-ADEF-A57A28CFE0C5}.Release|Any CPU.ActiveCfg = Release|Any CPU
		{8520713F-1084-4365-ADEF-A57A28CFE0C5}.Release|Any CPU.Build.0 = Release|Any CPU
	EndGlobalSection
	GlobalSection(SolutionProperties) = preSolution
		HideSolutionNode = FALSE
	EndGlobalSection
	GlobalSection(ExtensibilityGlobals) = postSolution
		SolutionGuid = {192A3818-D808-4B6D-8806-C6CEB9EB2920}
	EndGlobalSection
EndGlobal
