
Microsoft Visual Studio Solution File, Format Version 12.00
# Visual Studio Version 17
VisualStudioVersion = 17.3.32825.248
MinimumVisualStudioVersion = 10.0.40219.1
Project("{FAE04EC0-301F-11D3-BF4B-00C04F79EFBC}") = "OOPKlass 6.1", "OOPKlass 6.1\OOPKlass 6.1.csproj", "{05FA64D1-5E3E-4998-ABE9-722FED38731C}"
EndProject
Global
	GlobalSection(SolutionConfigurationPlatforms) = preSolution
		Debug|Any CPU = Debug|Any CPU
		Release|Any CPU = Release|Any CPU
	EndGlobalSection
	GlobalSection(ProjectConfigurationPlatforms) = postSolution
		{05FA64D1-5E3E-4998-ABE9-722FED38731C}.Debug|Any CPU.ActiveCfg = Debug|Any CPU
		{05FA64D1-5E3E-4998-ABE9-722FED38731C}.Debug|Any CPU.Build.0 = Debug|Any CPU
		{05FA64D1-5E3E-4998-ABE9-722FED38731C}.Release|Any CPU.ActiveCfg = Release|Any CPU
		{05FA64D1-5E3E-4998-ABE9-722FED38731C}.Release|Any CPU.Build.0 = Release|Any CPU
	EndGlobalSection
	GlobalSection(SolutionProperties) = preSolution
		HideSolutionNode = FALSE
	EndGlobalSection
	GlobalSection(ExtensibilityGlobals) = postSolution
		SolutionGuid = {9977180C-5A42-4007-88B8-22CB6C46DA1B}
	EndGlobalSection
EndGlobal
