
Microsoft Visual Studio Solution File, Format Version 12.00
# Visual Studio Version 17
VisualStudioVersion = 17.3.32825.248
MinimumVisualStudioVersion = 10.0.40219.1
Project("{FAE04EC0-301F-11D3-BF4B-00C04F79EFBC}") = "DeckCards 6.4", "DeckCards 6.4\DeckCards 6.4.csproj", "{74124F87-ED25-4992-902F-DE6BC26D0A3A}"
EndProject
Global
	GlobalSection(SolutionConfigurationPlatforms) = preSolution
		Debug|Any CPU = Debug|Any CPU
		Release|Any CPU = Release|Any CPU
	EndGlobalSection
	GlobalSection(ProjectConfigurationPlatforms) = postSolution
		{74124F87-ED25-4992-902F-DE6BC26D0A3A}.Debug|Any CPU.ActiveCfg = Debug|Any CPU
		{74124F87-ED25-4992-902F-DE6BC26D0A3A}.Debug|Any CPU.Build.0 = Debug|Any CPU
		{74124F87-ED25-4992-902F-DE6BC26D0A3A}.Release|Any CPU.ActiveCfg = Release|Any CPU
		{74124F87-ED25-4992-902F-DE6BC26D0A3A}.Release|Any CPU.Build.0 = Release|Any CPU
	EndGlobalSection
	GlobalSection(SolutionProperties) = preSolution
		HideSolutionNode = FALSE
	EndGlobalSection
	GlobalSection(ExtensibilityGlobals) = postSolution
		SolutionGuid = {86A6D41F-E590-476A-A183-792430DA53EF}
	EndGlobalSection
EndGlobal
