
Microsoft Visual Studio Solution File, Format Version 12.00
# Visual Studio Version 17
VisualStudioVersion = 17.3.32825.248
MinimumVisualStudioVersion = 10.0.40219.1
Project("{FAE04EC0-301F-11D3-BF4B-00C04F79EFBC}") = "SymbolCycles", "SymbolCycles\SymbolCycles.csproj", "{DA726C68-DB95-4685-B921-45F8C7A5973F}"
EndProject
Global
	GlobalSection(SolutionConfigurationPlatforms) = preSolution
		Debug|Any CPU = Debug|Any CPU
		Release|Any CPU = Release|Any CPU
	EndGlobalSection
	GlobalSection(ProjectConfigurationPlatforms) = postSolution
		{DA726C68-DB95-4685-B921-45F8C7A5973F}.Debug|Any CPU.ActiveCfg = Debug|Any CPU
		{DA726C68-DB95-4685-B921-45F8C7A5973F}.Debug|Any CPU.Build.0 = Debug|Any CPU
		{DA726C68-DB95-4685-B921-45F8C7A5973F}.Release|Any CPU.ActiveCfg = Release|Any CPU
		{DA726C68-DB95-4685-B921-45F8C7A5973F}.Release|Any CPU.Build.0 = Release|Any CPU
	EndGlobalSection
	GlobalSection(SolutionProperties) = preSolution
		HideSolutionNode = FALSE
	EndGlobalSection
	GlobalSection(ExtensibilityGlobals) = postSolution
		SolutionGuid = {3C6039A3-3108-432D-BC86-8E24EF3D96F1}
	EndGlobalSection
EndGlobal
